
Microsoft Visual Studio Solution File, Format Version 12.00
# Visual Studio Version 17
VisualStudioVersion = 17.1.32407.343
MinimumVisualStudioVersion = 10.0.40219.1
Project("{FAE04EC0-301F-11D3-BF4B-00C04F79EFBC}") = "BuscaVideos", "BuscaVideos.csproj", "{A8F1C49A-0522-4355-9419-EFC5DB85FFEF}"
EndProject
Global
	GlobalSection(SolutionConfigurationPlatforms) = preSolution
		Debug|Any CPU = Debug|Any CPU
		Release|Any CPU = Release|Any CPU
	EndGlobalSection
	GlobalSection(ProjectConfigurationPlatforms) = postSolution
		{A8F1C49A-0522-4355-9419-EFC5DB85FFEF}.Debug|Any CPU.ActiveCfg = Debug|Any CPU
		{A8F1C49A-0522-4355-9419-EFC5DB85FFEF}.Debug|Any CPU.Build.0 = Debug|Any CPU
		{A8F1C49A-0522-4355-9419-EFC5DB85FFEF}.Release|Any CPU.ActiveCfg = Release|Any CPU
		{A8F1C49A-0522-4355-9419-EFC5DB85FFEF}.Release|Any CPU.Build.0 = Release|Any CPU
	EndGlobalSection
	GlobalSection(SolutionProperties) = preSolution
		HideSolutionNode = FALSE
	EndGlobalSection
	GlobalSection(ExtensibilityGlobals) = postSolution
		SolutionGuid = {8F3071C9-F255-421A-B25E-1AE3B5E1E84D}
	EndGlobalSection
EndGlobal
